Microsoft Visual Studio Solution File, Format Version 12.00
# Visual Studio Version 17
VisualStudioVersion = 17.5.2.0
MinimumVisualStudioVersion = 10.0.40219.1
Project("{FAE04EC0-301F-11D3-BF4B-00C04F79EFBC}") = "apiCrud", "apiCrud\apiCrud.csproj", "{A539A5F4-873D-B76B-4FF8-E9C9BD29D3B6}"
EndProject
Global
	GlobalSection(SolutionConfigurationPlatforms) = preSolution
		Debug|Any CPU = Debug|Any CPU
		Release|Any CPU = Release|Any CPU
	EndGlobalSection
	GlobalSection(ProjectConfigurationPlatforms) = postSolution
		{A539A5F4-873D-B76B-4FF8-E9C9BD29D3B6}.Debug|Any CPU.ActiveCfg = Debug|Any CPU
		{A539A5F4-873D-B76B-4FF8-E9C9BD29D3B6}.Debug|Any CPU.Build.0 = Debug|Any CPU
		{A539A5F4-873D-B76B-4FF8-E9C9BD29D3B6}.Release|Any CPU.ActiveCfg = Release|Any CPU
		{A539A5F4-873D-B76B-4FF8-E9C9BD29D3B6}.Release|Any CPU.Build.0 = Release|Any CPU
	EndGlobalSection
	GlobalSection(SolutionProperties) = preSolution
		HideSolutionNode = FALSE
	EndGlobalSection
	GlobalSection(ExtensibilityGlobals) = postSolution
		SolutionGuid = {662D3239-5AC8-492F-8416-8F3A079AD3AB}
	EndGlobalSection
EndGlobal
